
Microsoft Visual Studio Solution File, Format Version 12.00
# Visual Studio Version 17
VisualStudioVersion = 17.8.34525.116
MinimumVisualStudioVersion = 10.0.40219.1
Project("{FAE04EC0-301F-11D3-BF4B-00C04F79EFBC}") = "ExpenseTracker", "ExpenseTracker.csproj", "{EBBD1E15-CA7A-47BB-ABDF-CE5B13790448}"
EndProject
Project("{FAE04EC0-301F-11D3-BF4B-00C04F79EFBC}") = "ExpenseTrackerDS", "..\ExpenseTrackerDS\ExpenseTrackerDS.csproj", "{A31FECFA-28B4-4942-9523-7724C9D22F8C}"
EndProject
Project("{FAE04EC0-301F-11D3-BF4B-00C04F79EFBC}") = "ExpenseTrackerGUI", "..\ExpenseTrackerGUI\ExpenseTrackerGUI.csproj", "{03C08731-ADE8-4E06-9F8E-35A3BB15B488}"
EndProject
Global
	GlobalSection(SolutionConfigurationPlatforms) = preSolution
		Debug|Any CPU = Debug|Any CPU
		Release|Any CPU = Release|Any CPU
	EndGlobalSection
	GlobalSection(ProjectConfigurationPlatforms) = postSolution
		{EBBD1E15-CA7A-47BB-ABDF-CE5B13790448}.Debug|Any CPU.ActiveCfg = Debug|Any CPU
		{EBBD1E15-CA7A-47BB-ABDF-CE5B13790448}.Debug|Any CPU.Build.0 = Debug|Any CPU
		{EBBD1E15-CA7A-47BB-ABDF-CE5B13790448}.Release|Any CPU.ActiveCfg = Release|Any CPU
		{EBBD1E15-CA7A-47BB-ABDF-CE5B13790448}.Release|Any CPU.Build.0 = Release|Any CPU
		{A31FECFA-28B4-4942-9523-7724C9D22F8C}.Debug|Any CPU.ActiveCfg = Debug|Any CPU
		{A31FECFA-28B4-4942-9523-7724C9D22F8C}.Debug|Any CPU.Build.0 = Debug|Any CPU
		{A31FECFA-28B4-4942-9523-7724C9D22F8C}.Release|Any CPU.ActiveCfg = Release|Any CPU
		{A31FECFA-28B4-4942-9523-7724C9D22F8C}.Release|Any CPU.Build.0 = Release|Any CPU
		{03C08731-ADE8-4E06-9F8E-35A3BB15B488}.Debug|Any CPU.ActiveCfg = Debug|Any CPU
		{03C08731-ADE8-4E06-9F8E-35A3BB15B488}.Debug|Any CPU.Build.0 = Debug|Any CPU
		{03C08731-ADE8-4E06-9F8E-35A3BB15B488}.Release|Any CPU.ActiveCfg = Release|Any CPU
		{03C08731-ADE8-4E06-9F8E-35A3BB15B488}.Release|Any CPU.Build.0 = Release|Any CPU
	EndGlobalSection
	GlobalSection(SolutionProperties) = preSolution
		HideSolutionNode = FALSE
	EndGlobalSection
	GlobalSection(ExtensibilityGlobals) = postSolution
		SolutionGuid = {A3D782FE-9126-404A-A937-D64E3D687257}
	EndGlobalSection
EndGlobal
